version = 1
revision = 3
requires-python = ">=3.11"

[manifest]
requirements = [
    { name = "icalendar", specifier = ">=6.3,<7" },
    { name = "recurring-ical-events", specifier = ">=3.8,<4" },
]

[[package]]
name = "click"
version = "8.5.0"
source = { registry = "https://pypi.org/simple" }
sdist = { url = "https://files.pythonhosted.org/packages/c7/0e/7fa0ef50764b67090eca4114772a2abf8b6148198475e54c660b97caeee6/click-8.5.0.tar.gz", hash = "sha256:ba0d2089de75ea0310e2dde03160e6ca10009947fb95a182f9b54021bb272e34", size = 382235, upload-time = "2026-08-26T13:33:14.56Z" }
wheels = [
    { url = "https://files.pythonhosted.org/packages/58/50/6c0d534c5f134586a8e1ba4e330569e32f057e33372ae556463212fb4cd3/click-8.5.0-py3-none-any.whl", hash = "sha256:255bc9599cf7748b4b1a446ccc735421bd08a2ae529a8b88597d3de5664ee360", size = 125251, upload-time = "2026-08-26T13:33:12.928Z" },
]

[[package]]
name = "icalendar"
version = "6.3.2"
source = { registry = "https://pypi.org/simple" }
dependencies = [
    { name = "python-dateutil" },
    { name = "tzdata" },
]
sdist = { url = "https://files.pythonhosted.org/packages/5d/70/458092b3e7c15783423fe64d07e63ea3311a597e723be6a1060513e3db93/icalendar-6.3.2.tar.gz", hash = "sha256:e0c10ecbfcebe958d33af7d491f6e6b7580d11d475f2eeb29532d0424f9110a1", size = 178422, upload-time = "2025-11-05T12:49:32.286Z" }
wheels = [
    { url = "https://files.pythonhosted.org/packages/06/ee/2ff96bb5bd88fe03ab90aedf5180f96dc0f3ae4648ca264b473055bcaaff/icalendar-6.3.2-py3-none-any.whl", hash = "sha256:d400e9c9bb8c025e5a3c77c236941bb690494be52528a0b43cc7e8b7c9505064", size = 242403, upload-time = "2025-11-05T12:49:30.691Z" },
]

[[package]]
name = "python-dateutil"
version = "2.9.0.post0"
source = { registry = "https://pypi.org/simple" }
dependencies = [
    { name = "six" },
]
sdist = { url = "https://files.pythonhosted.org/packages/66/c0/0c8b6ad9f17a802ee498c46e004a0eb49bc148f2fd230864601a86dcf6db/python-dateutil-2.9.0.post0.tar.gz", hash = "sha256:37dd54208da7e1cd875388217d5e00ebd4179249f90fb72437e91a35459a0ad3", size = 342432, upload-time = "2024-03-01T18:36:20.211Z" }
wheels = [
    { url = "https://files.pythonhosted.org/packages/ec/57/56b9bcc3c9c6a792fcbaf139543cee77261f3651ca9da0c93f5c1221264b/python_dateutil-2.9.0.post0-py2.py3-none-any.whl", hash = "sha256:a8b2bc7bffae282281c8140a97d3aa9c14da0b136dfe83f850eea9a5f7470427", size = 229892, upload-time = "2024-03-01T18:36:18.57Z" },
]

[[package]]
name = "recurring-ical-events"
version = "3.8.2"
source = { registry = "https://pypi.org/simple" }
dependencies = [
    { name = "icalendar" },
    { name = "python-dateutil" },
    { name = "tzdata" },
    { name = "x-wr-timezone" },
]
sdist = { url = "https://files.pythonhosted.org/packages/b9/f5/898abd8fbb25766ec6cb17b244730ebf192f47963c71eeacd61aadd903a1/recurring_ical_events-3.8.2.tar.gz", hash = "sha256:e731af31d0b7dec5cd47a1defacd8549e2f36fab1c1995e8b9f042822a0acf8e", size = 604992, upload-time = "2026-04-30T19:21:46.2Z" }
wheels = [
    { url = "https://files.pythonhosted.org/packages/81/f7/d3eb4f545baf5d6daaa5881694517626fb7ad04036d94168197a4f021384/recurring_ical_events-3.8.2-py3-none-any.whl", hash = "sha256:9ad605e27b4fbeb70ee1c66205ade32550be15a57cedc579606522f1c67aef6d", size = 241358, upload-time = "2026-04-30T19:21:44.079Z" },
]

[[package]]
name = "six"
version = "1.17.0"
source = { registry = "https://pypi.org/simple" }
sdist = { url = "https://files.pythonhosted.org/packages/94/e7/b2c673351809dca68a0e064b6af791aa332cf192da575fd474ed7d6f16a2/six-1.17.0.tar.gz", hash = "sha256:ff70335d468e7eb6ec65b95b99d3a2836546063f63acc5171de367e834932a81", size = 34031, upload-time = "2024-12-04T17:35:28.174Z" }
wheels = [
    { url = "https://files.pythonhosted.org/packages/b7/ce/149a00dd41f10bc29e5921b496af8b574d8413afcd5e30dfa0ed46c2cc5e/six-1.17.0-py2.py3-none-any.whl", hash = "sha256:4721f391ed90541fddacab5acf947aa0d3dc7d27b2e1e8eda2be8970586c3274", size = 11050, upload-time = "2024-12-04T17:35:26.475Z" },
]

[[package]]
name = "tzdata"
version = "2026.4"
source = { registry = "https://pypi.org/simple" }
sdist = { url = "https://files.pythonhosted.org/packages/e4/31/3d74fa778a63b98b7374323befcc0be5ab3bd94afd4096a0124e7379152c/tzdata-2026.4.tar.gz", hash = "sha256:f1b8bd365d8d210c55353f4d7f8d6d8561c0ba50d704b700d195a9424bba0d79", size = 199350, upload-time = "2026-09-12T12:56:03.251Z" }
wheels = [
    { url = "https://files.pythonhosted.org/packages/f9/bc/8737e8d54cf51106118039b83f485a4783112fab49ea9d044b234978a46e/tzdata-2026.4-py2.py3-none-any.whl", hash = "sha256:c2169a8b0a7a5e9674da5a135ccdfb2b3e671b333ed9fed17b41f73c34476e81", size = 347494, upload-time = "2026-09-12T12:56:01.67Z" },
]

[[package]]
name = "x-wr-timezone"
version = "2.0.1"
source = { registry = "https://pypi.org/simple" }
dependencies = [
    { name = "click" },
    { name = "icalendar" },
    { name = "tzdata" },
]
sdist = { url = "https://files.pythonhosted.org/packages/79/2b/8ae5f59ab852c8fe32dd37c1aa058eb98aca118fec2d3af5c3cd56fffb7b/x_wr_timezone-2.0.1.tar.gz", hash = "sha256:9166c40e6ffd4c0edebabc354e1a1e2cffc1bb473f88007694793757685cc8c3", size = 18212, upload-time = "2025-02-06T17:10:40.913Z" }
wheels = [
    { url = "https://files.pythonhosted.org/packages/0f/b7/4bac35b4079b76c07d8faddf89467e9891b1610cfe8d03b0ebb5610e4423/x_wr_timezone-2.0.1-py3-none-any.whl", hash = "sha256:e74a53b9f4f7def8138455c240e65e47c224778bce3c024fcd6da2cbe91ca038", size = 11102, upload-time = "2025-02-06T17:10:39.192Z" },
]
